
Microsoft Visual Studio Solution File, Format Version 12.00
# Visual Studio Version 17
VisualStudioVersion = 17.6.33617.297
MinimumVisualStudioVersion = 10.0.40219.1
Project("{9A19103F-16F7-4668-BE54-9A1E7A4F7556}") = "RpgUltimateBot", "AmbientBot\RpgUltimateBot.csproj", "{AADFAC6C-88DB-41F3-9E3F-77CDFF965CCC}"
EndProject
Global
	GlobalSection(SolutionConfigurationPlatforms) = preSolution
		Debug|Any CPU = Debug|Any CPU
		Release|Any CPU = Release|Any CPU
	EndGlobalSection
	GlobalSection(ProjectConfigurationPlatforms) = postSolution
		{AADFAC6C-88DB-41F3-9E3F-77CDFF965CCC}.Debug|Any CPU.ActiveCfg = Debug|Any CPU
		{AADFAC6C-88DB-41F3-9E3F-77CDFF965CCC}.Debug|Any CPU.Build.0 = Debug|Any CPU
		{AADFAC6C-88DB-41F3-9E3F-77CDFF965CCC}.Release|Any CPU.ActiveCfg = Release|Any CPU
		{AADFAC6C-88DB-41F3-9E3F-77CDFF965CCC}.Release|Any CPU.Build.0 = Release|Any CPU
	EndGlobalSection
	GlobalSection(SolutionProperties) = preSolution
		HideSolutionNode = FALSE
	EndGlobalSection
	GlobalSection(ExtensibilityGlobals) = postSolution
		SolutionGuid = {3F2E58FD-717F-4DB1-98CC-1D6E371707AA}
	EndGlobalSection
EndGlobal
